
Microsoft Visual Studio Solution File, Format Version 12.00
# Visual Studio 15
Project("{FAE04EC0-301F-11D3-BF4B-00C04F79EFBC}") = "ADL_VR", "Assembly-CSharp-firstpass.csproj", "{99718DFB-6404-F552-4287-CB2FE00193E0}"
EndProject
Project("{FAE04EC0-301F-11D3-BF4B-00C04F79EFBC}") = "ADL_VR", "Assembly-CSharp.csproj", "{2FFD5BB2-6875-DCE9-AD26-1E4890D5531E}"
EndProject
Project("{FAE04EC0-301F-11D3-BF4B-00C04F79EFBC}") = "ADL_VR", "Assembly-CSharp-Editor-firstpass.csproj", "{03DABE3F-72B4-58D9-19C1-274F83A3B820}"
EndProject
Global
	GlobalSection(SolutionConfigurationPlatforms) = preSolution
		Debug|Any CPU = Debug|Any CPU
		Release|Any CPU = Release|Any CPU
	EndGlobalSection
	GlobalSection(ProjectConfigurationPlatforms) = postSolution
		{99718DFB-6404-F552-4287-CB2FE00193E0}.Debug|Any CPU.ActiveCfg = Debug|Any CPU
		{99718DFB-6404-F552-4287-CB2FE00193E0}.Debug|Any CPU.Build.0 = Debug|Any CPU
		{99718DFB-6404-F552-4287-CB2FE00193E0}.Release|Any CPU.ActiveCfg = Release|Any CPU
		{99718DFB-6404-F552-4287-CB2FE00193E0}.Release|Any CPU.Build.0 = Release|Any CPU
		{2FFD5BB2-6875-DCE9-AD26-1E4890D5531E}.Debug|Any CPU.ActiveCfg = Debug|Any CPU
		{2FFD5BB2-6875-DCE9-AD26-1E4890D5531E}.Debug|Any CPU.Build.0 = Debug|Any CPU
		{2FFD5BB2-6875-DCE9-AD26-1E4890D5531E}.Release|Any CPU.ActiveCfg = Release|Any CPU
		{2FFD5BB2-6875-DCE9-AD26-1E4890D5531E}.Release|Any CPU.Build.0 = Release|Any CPU
		{03DABE3F-72B4-58D9-19C1-274F83A3B820}.Debug|Any CPU.ActiveCfg = Debug|Any CPU
		{03DABE3F-72B4-58D9-19C1-274F83A3B820}.Debug|Any CPU.Build.0 = Debug|Any CPU
		{03DABE3F-72B4-58D9-19C1-274F83A3B820}.Release|Any CPU.ActiveCfg = Release|Any CPU
		{03DABE3F-72B4-58D9-19C1-274F83A3B820}.Release|Any CPU.Build.0 = Release|Any CPU
	EndGlobalSection
	GlobalSection(SolutionProperties) = preSolution
		HideSolutionNode = FALSE
	EndGlobalSection
EndGlobal
