
Microsoft Visual Studio Solution File, Format Version 12.00
# Visual Studio 2017
Project("{FAE04EC0-301F-11D3-BF4B-00C04F79EFBC}") = "ADL_VR.Plugins", "ADL_VR.Plugins.csproj", "{5E65560F-C8C4-F0CB-AF0D-169246B65CC7}"
EndProject
Project("{FAE04EC0-301F-11D3-BF4B-00C04F79EFBC}") = "ADL_VR.Editor.Plugins", "ADL_VR.Editor.Plugins.csproj", "{E8E3EBCC-5D22-131A-EA24-F3BEF3A457FF}"
EndProject
Global
	GlobalSection(SolutionConfigurationPlatforms) = preSolution
		Debug|Any CPU = Debug|Any CPU
		Release|Any CPU = Release|Any CPU
	EndGlobalSection
	GlobalSection(ProjectConfigurationPlatforms) = postSolution
		{5E65560F-C8C4-F0CB-AF0D-169246B65CC7}.Debug|Any CPU.ActiveCfg = Debug|Any CPU
		{5E65560F-C8C4-F0CB-AF0D-169246B65CC7}.Debug|Any CPU.Build.0 = Debug|Any CPU
		{5E65560F-C8C4-F0CB-AF0D-169246B65CC7}.Release|Any CPU.ActiveCfg = Release|Any CPU
		{5E65560F-C8C4-F0CB-AF0D-169246B65CC7}.Release|Any CPU.Build.0 = Release|Any CPU
		{E8E3EBCC-5D22-131A-EA24-F3BEF3A457FF}.Debug|Any CPU.ActiveCfg = Debug|Any CPU
		{E8E3EBCC-5D22-131A-EA24-F3BEF3A457FF}.Debug|Any CPU.Build.0 = Debug|Any CPU
		{E8E3EBCC-5D22-131A-EA24-F3BEF3A457FF}.Release|Any CPU.ActiveCfg = Release|Any CPU
		{E8E3EBCC-5D22-131A-EA24-F3BEF3A457FF}.Release|Any CPU.Build.0 = Release|Any CPU
	EndGlobalSection
	GlobalSection(SolutionProperties) = preSolution
		HideSolutionNode = FALSE
	EndGlobalSection
EndGlobal
